
Microsoft Visual Studio Solution File, Format Version 12.00
Project("{FAE04EC0-301F-11D3-BF4B-00C04F79EFBC}") = "Core", "Core\Core.csproj", "{B460F56A-4D1C-47BC-A039-DE22E6E6A993}"
EndProject
Project("{FAE04EC0-301F-11D3-BF4B-00C04F79EFBC}") = "Contracts", "Contracts\Contracts.csproj", "{4FCDF6B3-0E70-488B-A043-C6A385614133}"
EndProject
Global
	GlobalSection(SolutionConfigurationPlatforms) = preSolution
		Debug|Any CPU = Debug|Any CPU
		Release|Any CPU = Release|Any CPU
	EndGlobalSection
	GlobalSection(ProjectConfigurationPlatforms) = postSolution
		{B460F56A-4D1C-47BC-A039-DE22E6E6A993}.Debug|Any CPU.ActiveCfg = Debug|Any CPU
		{B460F56A-4D1C-47BC-A039-DE22E6E6A993}.Debug|Any CPU.Build.0 = Debug|Any CPU
		{B460F56A-4D1C-47BC-A039-DE22E6E6A993}.Release|Any CPU.ActiveCfg = Release|Any CPU
		{B460F56A-4D1C-47BC-A039-DE22E6E6A993}.Release|Any CPU.Build.0 = Release|Any CPU
		{4FCDF6B3-0E70-488B-A043-C6A385614133}.Debug|Any CPU.ActiveCfg = Debug|Any CPU
		{4FCDF6B3-0E70-488B-A043-C6A385614133}.Debug|Any CPU.Build.0 = Debug|Any CPU
		{4FCDF6B3-0E70-488B-A043-C6A385614133}.Release|Any CPU.ActiveCfg = Release|Any CPU
		{4FCDF6B3-0E70-488B-A043-C6A385614133}.Release|Any CPU.Build.0 = Release|Any CPU
	EndGlobalSection
EndGlobal
