
Microsoft Visual Studio Solution File, Format Version 12.00
# Visual Studio Version 16
VisualStudioVersion = 16.0.29709.97
MinimumVisualStudioVersion = 10.0.40219.1
Project("{9A19103F-16F7-4668-BE54-9A1E7A4F7556}") = "Core", "Core\Core.csproj", "{B460F56A-4D1C-47BC-A039-DE22E6E6A993}"
EndProject
Project("{9A19103F-16F7-4668-BE54-9A1E7A4F7556}") = "Contracts", "Contracts\Contracts.csproj", "{4FCDF6B3-0E70-488B-A043-C6A385614133}"
EndProject
Project("{FAE04EC0-301F-11D3-BF4B-00C04F79EFBC}") = "JsJob", "JsJob\JsJob.csproj", "{FCDC419F-F74B-4381-BC32-2CF7CFEAE27E}"
EndProject
Global
	GlobalSection(SolutionConfigurationPlatforms) = preSolution
		Debug|Any CPU = Debug|Any CPU
		Release|Any CPU = Release|Any CPU
	EndGlobalSection
	GlobalSection(ProjectConfigurationPlatforms) = postSolution
		{B460F56A-4D1C-47BC-A039-DE22E6E6A993}.Debug|Any CPU.ActiveCfg = Debug|Any CPU
		{B460F56A-4D1C-47BC-A039-DE22E6E6A993}.Debug|Any CPU.Build.0 = Debug|Any CPU
		{B460F56A-4D1C-47BC-A039-DE22E6E6A993}.Release|Any CPU.ActiveCfg = Release|Any CPU
		{B460F56A-4D1C-47BC-A039-DE22E6E6A993}.Release|Any CPU.Build.0 = Release|Any CPU
		{4FCDF6B3-0E70-488B-A043-C6A385614133}.Debug|Any CPU.ActiveCfg = Debug|Any CPU
		{4FCDF6B3-0E70-488B-A043-C6A385614133}.Debug|Any CPU.Build.0 = Debug|Any CPU
		{4FCDF6B3-0E70-488B-A043-C6A385614133}.Release|Any CPU.ActiveCfg = Release|Any CPU
		{4FCDF6B3-0E70-488B-A043-C6A385614133}.Release|Any CPU.Build.0 = Release|Any CPU
		{FCDC419F-F74B-4381-BC32-2CF7CFEAE27E}.Debug|Any CPU.ActiveCfg = Debug|Any CPU
		{FCDC419F-F74B-4381-BC32-2CF7CFEAE27E}.Debug|Any CPU.Build.0 = Debug|Any CPU
		{FCDC419F-F74B-4381-BC32-2CF7CFEAE27E}.Release|Any CPU.ActiveCfg = Release|Any CPU
		{FCDC419F-F74B-4381-BC32-2CF7CFEAE27E}.Release|Any CPU.Build.0 = Release|Any CPU
	EndGlobalSection
	GlobalSection(SolutionProperties) = preSolution
		HideSolutionNode = FALSE
	EndGlobalSection
	GlobalSection(ExtensibilityGlobals) = postSolution
		SolutionGuid = {944C9A3C-97CD-487D-98ED-B0361BA5DEE2}
	EndGlobalSection
EndGlobal
